
Microsoft Visual Studio Solution File, Format Version 12.00
# Visual Studio Version 17
Project("{2150E333-8FDC-42A3-9474-1A3956D46DE8}") = "CMakePredefinedTargets", "CMakePredefinedTargets", "{1B4E95FA-C33E-3885-8F64-860834D6333B}"
EndProject
Project("{8BC9CEB8-8B4A-11D0-8D11-00A0C91BC942}") = "CSC8503", "CSC8503\CSC8503.vcxproj", "{D509318A-3556-3572-B820-FD8928565511}"
	ProjectSection(ProjectDependencies) = postProject
		{464C6DF0-7721-3A9A-B987-9CF747ECC462} = {464C6DF0-7721-3A9A-B987-9CF747ECC462}
		{A460C8CD-DAB2-3E0A-86E7-1F40FC533493} = {A460C8CD-DAB2-3E0A-86E7-1F40FC533493}
		{585D2CAB-589C-30A0-B02D-706D51EACAC4} = {585D2CAB-589C-30A0-B02D-706D51EACAC4}
		{7C55747B-32B5-39E2-A526-C70AD47DDE6D} = {7C55747B-32B5-39E2-A526-C70AD47DDE6D}
	EndProjectSection
EndProject
Project("{8BC9CEB8-8B4A-11D0-8D11-00A0C91BC942}") = "ALL_BUILD", "ALL_BUILD.vcxproj", "{20C7AA3C-5C2C-3053-BDCC-068A1C15F8BA}"
	ProjectSection(ProjectDependencies) = postProject
		{D509318A-3556-3572-B820-FD8928565511} = {D509318A-3556-3572-B820-FD8928565511}
		{464C6DF0-7721-3A9A-B987-9CF747ECC462} = {464C6DF0-7721-3A9A-B987-9CF747ECC462}
		{A460C8CD-DAB2-3E0A-86E7-1F40FC533493} = {A460C8CD-DAB2-3E0A-86E7-1F40FC533493}
		{585D2CAB-589C-30A0-B02D-706D51EACAC4} = {585D2CAB-589C-30A0-B02D-706D51EACAC4}
		{7C55747B-32B5-39E2-A526-C70AD47DDE6D} = {7C55747B-32B5-39E2-A526-C70AD47DDE6D}
	EndProjectSection
EndProject
Project("{8BC9CEB8-8B4A-11D0-8D11-00A0C91BC942}") = "CSC8503CoreClasses", "CSC8503CoreClasses\CSC8503CoreClasses.vcxproj", "{464C6DF0-7721-3A9A-B987-9CF747ECC462}"
	ProjectSection(ProjectDependencies) = postProject
		{7C55747B-32B5-39E2-A526-C70AD47DDE6D} = {7C55747B-32B5-39E2-A526-C70AD47DDE6D}
	EndProjectSection
EndProject
Project("{8BC9CEB8-8B4A-11D0-8D11-00A0C91BC942}") = "NCLCoreClasses", "NCLCoreClasses\NCLCoreClasses.vcxproj", "{A460C8CD-DAB2-3E0A-86E7-1F40FC533493}"
	ProjectSection(ProjectDependencies) = postProject
		{7C55747B-32B5-39E2-A526-C70AD47DDE6D} = {7C55747B-32B5-39E2-A526-C70AD47DDE6D}
	EndProjectSection
EndProject
Project("{8BC9CEB8-8B4A-11D0-8D11-00A0C91BC942}") = "OpenGLRendering", "OpenGLRendering\OpenGLRendering.vcxproj", "{585D2CAB-589C-30A0-B02D-706D51EACAC4}"
	ProjectSection(ProjectDependencies) = postProject
		{A460C8CD-DAB2-3E0A-86E7-1F40FC533493} = {A460C8CD-DAB2-3E0A-86E7-1F40FC533493}
		{7C55747B-32B5-39E2-A526-C70AD47DDE6D} = {7C55747B-32B5-39E2-A526-C70AD47DDE6D}
	EndProjectSection
EndProject
Project("{8BC9CEB8-8B4A-11D0-8D11-00A0C91BC942}") = "ZERO_CHECK", "ZERO_CHECK.vcxproj", "{7C55747B-32B5-39E2-A526-C70AD47DDE6D}"
	ProjectSection(ProjectDependencies) = postProject
	EndProjectSection
EndProject
Global
	GlobalSection(SolutionConfigurationPlatforms) = preSolution
		Debug|x64 = Debug|x64
		Release|x64 = Release|x64
	EndGlobalSection
	GlobalSection(ProjectConfigurationPlatforms) = postSolution
		{D509318A-3556-3572-B820-FD8928565511}.Debug|x64.ActiveCfg = Debug|x64
		{D509318A-3556-3572-B820-FD8928565511}.Debug|x64.Build.0 = Debug|x64
		{D509318A-3556-3572-B820-FD8928565511}.Release|x64.ActiveCfg = Release|x64
		{D509318A-3556-3572-B820-FD8928565511}.Release|x64.Build.0 = Release|x64
		{20C7AA3C-5C2C-3053-BDCC-068A1C15F8BA}.Debug|x64.ActiveCfg = Debug|x64
		{20C7AA3C-5C2C-3053-BDCC-068A1C15F8BA}.Release|x64.ActiveCfg = Release|x64
		{464C6DF0-7721-3A9A-B987-9CF747ECC462}.Debug|x64.ActiveCfg = Debug|x64
		{464C6DF0-7721-3A9A-B987-9CF747ECC462}.Debug|x64.Build.0 = Debug|x64
		{464C6DF0-7721-3A9A-B987-9CF747ECC462}.Release|x64.ActiveCfg = Release|x64
		{464C6DF0-7721-3A9A-B987-9CF747ECC462}.Release|x64.Build.0 = Release|x64
		{A460C8CD-DAB2-3E0A-86E7-1F40FC533493}.Debug|x64.ActiveCfg = Debug|x64
		{A460C8CD-DAB2-3E0A-86E7-1F40FC533493}.Debug|x64.Build.0 = Debug|x64
		{A460C8CD-DAB2-3E0A-86E7-1F40FC533493}.Release|x64.ActiveCfg = Release|x64
		{A460C8CD-DAB2-3E0A-86E7-1F40FC533493}.Release|x64.Build.0 = Release|x64
		{585D2CAB-589C-30A0-B02D-706D51EACAC4}.Debug|x64.ActiveCfg = Debug|x64
		{585D2CAB-589C-30A0-B02D-706D51EACAC4}.Debug|x64.Build.0 = Debug|x64
		{585D2CAB-589C-30A0-B02D-706D51EACAC4}.Release|x64.ActiveCfg = Release|x64
		{585D2CAB-589C-30A0-B02D-706D51EACAC4}.Release|x64.Build.0 = Release|x64
		{7C55747B-32B5-39E2-A526-C70AD47DDE6D}.Debug|x64.ActiveCfg = Debug|x64
		{7C55747B-32B5-39E2-A526-C70AD47DDE6D}.Debug|x64.Build.0 = Debug|x64
		{7C55747B-32B5-39E2-A526-C70AD47DDE6D}.Release|x64.ActiveCfg = Release|x64
		{7C55747B-32B5-39E2-A526-C70AD47DDE6D}.Release|x64.Build.0 = Release|x64
	EndGlobalSection
	GlobalSection(NestedProjects) = preSolution
		{20C7AA3C-5C2C-3053-BDCC-068A1C15F8BA} = {1B4E95FA-C33E-3885-8F64-860834D6333B}
		{7C55747B-32B5-39E2-A526-C70AD47DDE6D} = {1B4E95FA-C33E-3885-8F64-860834D6333B}
	EndGlobalSection
	GlobalSection(ExtensibilityGlobals) = postSolution
		SolutionGuid = {C3EDEEFF-3A08-3599-9D60-241E560138AE}
	EndGlobalSection
	GlobalSection(ExtensibilityAddIns) = postSolution
	EndGlobalSection
EndGlobal
