<?xml version="1.0" encoding="utf-8"?>
<Project ToolsVersion="17.0" xmlns="http://schemas.microsoft.com/developer/msbuild/2003">
  <ItemGroup>
    <ClCompile Include="E:\COURSEWORK\CSC8503\CSC8503 2023\CSC8503\CMakeFiles\CSC8503.dir\cmake_pch.cxx">
      <Filter>Source Files</Filter>
    </ClCompile>
    <ClCompile Include="E:\COURSEWORK\CSC8503\CSC8503 2023\CSC8503\GameTechRenderer.cpp">
      <Filter>Source Files</Filter>
    </ClCompile>
    <ClCompile Include="E:\COURSEWORK\CSC8503\CSC8503 2023\CSC8503\Main.cpp">
      <Filter>Source Files</Filter>
    </ClCompile>
    <ClCompile Include="E:\COURSEWORK\CSC8503\CSC8503 2023\CSC8503\NetworkedGame.cpp">
      <Filter>Source Files</Filter>
    </ClCompile>
    <ClCompile Include="E:\COURSEWORK\CSC8503\CSC8503 2023\CSC8503\NetworkPlayer.cpp">
      <Filter>Source Files</Filter>
    </ClCompile>
    <ClCompile Include="E:\COURSEWORK\CSC8503\CSC8503 2023\CSC8503\StateGameObject.cpp">
      <Filter>Source Files</Filter>
    </ClCompile>
    <ClCompile Include="E:\COURSEWORK\CSC8503\CSC8503 2023\CSC8503\TutorialGame.cpp">
      <Filter>Source Files</Filter>
    </ClCompile>
    <ClCompile Include="E:\COURSEWORK\CSC8503\CSC8503 2023\CSC8503\GameMenu.cpp">
      <Filter>Source Files</Filter>
    </ClCompile>
  </ItemGroup>
  <ItemGroup>
    <ClInclude Include="E:\COURSEWORK\CSC8503\CSC8503 2023\CSC8503\GameTechRenderer.h">
      <Filter>Header Files</Filter>
    </ClInclude>
    <ClInclude Include="E:\COURSEWORK\CSC8503\CSC8503 2023\CSC8503\NetworkedGame.h">
      <Filter>Header Files</Filter>
    </ClInclude>
    <ClInclude Include="E:\COURSEWORK\CSC8503\CSC8503 2023\CSC8503\NetworkPlayer.h">
      <Filter>Header Files</Filter>
    </ClInclude>
    <ClInclude Include="E:\COURSEWORK\CSC8503\CSC8503 2023\CSC8503\StateGameObject.h">
      <Filter>Header Files</Filter>
    </ClInclude>
    <ClInclude Include="E:\COURSEWORK\CSC8503\CSC8503 2023\CSC8503\TutorialGame.h">
      <Filter>Header Files</Filter>
    </ClInclude>
    <ClInclude Include="E:\COURSEWORK\CSC8503\CSC8503 2023\CSC8503\GameMenu.h">
      <Filter>Header Files</Filter>
    </ClInclude>
    <ClInclude Include="E:\COURSEWORK\CSC8503\CSC8503 2023\CSC8503\MenuPushDownMachine.h">
      <Filter>Header Files</Filter>
    </ClInclude>
    <ClInclude Include="E:\COURSEWORK\CSC8503\CSC8503 2023\CSC8503\CMakeFiles\CSC8503.dir\Debug\cmake_pch.hxx">
      <Filter>Precompile Header File</Filter>
    </ClInclude>
    <ClInclude Include="E:\COURSEWORK\CSC8503\CSC8503 2023\CSC8503\CMakeFiles\CSC8503.dir\Release\cmake_pch.hxx">
      <Filter>Precompile Header File</Filter>
    </ClInclude>
  </ItemGroup>
  <ItemGroup>
    <CustomBuild Include="E:\COURSEWORK\CSC8503\CSC8503 2023\CSC8503\CMakeLists.txt" />
  </ItemGroup>
  <ItemGroup>
    <Filter Include="Header Files">
      <UniqueIdentifier>{B082E72C-5C55-31A8-B1EE-35EA8EA40A4A}</UniqueIdentifier>
    </Filter>
    <Filter Include="Precompile Header File">
      <UniqueIdentifier>{67956F7A-84E9-36D9-96A0-0321CF692CC4}</UniqueIdentifier>
    </Filter>
    <Filter Include="Source Files">
      <UniqueIdentifier>{54DEA647-7D10-30B1-9916-B1F58C089E4E}</UniqueIdentifier>
    </Filter>
  </ItemGroup>
</Project>
